
Microsoft Visual Studio Solution File, Format Version 12.00
# Visual Studio Version 16
VisualStudioVersion = 16.0.30503.244
MinimumVisualStudioVersion = 10.0.40219.1
Project("{FAE04EC0-301F-11D3-BF4B-00C04F79EFBC}") = "1083321 hw8", "1083321 hw8\1083321 hw8.csproj", "{691C49AA-E961-47D4-BB2F-952A92E1272A}"
EndProject
Global
	GlobalSection(SolutionConfigurationPlatforms) = preSolution
		Debug|Any CPU = Debug|Any CPU
		Release|Any CPU = Release|Any CPU
	EndGlobalSection
	GlobalSection(ProjectConfigurationPlatforms) = postSolution
		{691C49AA-E961-47D4-BB2F-952A92E1272A}.Debug|Any CPU.ActiveCfg = Debug|Any CPU
		{691C49AA-E961-47D4-BB2F-952A92E1272A}.Debug|Any CPU.Build.0 = Debug|Any CPU
		{691C49AA-E961-47D4-BB2F-952A92E1272A}.Release|Any CPU.ActiveCfg = Release|Any CPU
		{691C49AA-E961-47D4-BB2F-952A92E1272A}.Release|Any CPU.Build.0 = Release|Any CPU
	EndGlobalSection
	GlobalSection(SolutionProperties) = preSolution
		HideSolutionNode = FALSE
	EndGlobalSection
	GlobalSection(ExtensibilityGlobals) = postSolution
		SolutionGuid = {D590A23E-A79E-47D0-A993-1833F8C4C64C}
	EndGlobalSection
EndGlobal
