
Microsoft Visual Studio Solution File, Format Version 12.00
# Visual Studio Version 16
VisualStudioVersion = 16.0.30503.244
MinimumVisualStudioVersion = 10.0.40219.1
Project("{FAE04EC0-301F-11D3-BF4B-00C04F79EFBC}") = "1083321 12-1", "1083321 12-1\1083321 12-1.csproj", "{C872EB13-62AF-486D-A0BC-6B6BD96FFC36}"
EndProject
Global
	GlobalSection(SolutionConfigurationPlatforms) = preSolution
		Debug|Any CPU = Debug|Any CPU
		Release|Any CPU = Release|Any CPU
	EndGlobalSection
	GlobalSection(ProjectConfigurationPlatforms) = postSolution
		{C872EB13-62AF-486D-A0BC-6B6BD96FFC36}.Debug|Any CPU.ActiveCfg = Debug|Any CPU
		{C872EB13-62AF-486D-A0BC-6B6BD96FFC36}.Debug|Any CPU.Build.0 = Debug|Any CPU
		{C872EB13-62AF-486D-A0BC-6B6BD96FFC36}.Release|Any CPU.ActiveCfg = Release|Any CPU
		{C872EB13-62AF-486D-A0BC-6B6BD96FFC36}.Release|Any CPU.Build.0 = Release|Any CPU
	EndGlobalSection
	GlobalSection(SolutionProperties) = preSolution
		HideSolutionNode = FALSE
	EndGlobalSection
	GlobalSection(ExtensibilityGlobals) = postSolution
		SolutionGuid = {0653DAA5-527A-48BF-9AF6-F8F171AE3190}
	EndGlobalSection
EndGlobal
